
Microsoft Visual Studio Solution File, Format Version 12.00
# Visual Studio Version 17
VisualStudioVersion = 17.0.31919.166
MinimumVisualStudioVersion = 10.0.40219.1
Project("{9A19103F-16F7-4668-BE54-9A1E7A4F7556}") = "CodeCon", "CodeCon\CodeCon.csproj", "{DC439AF0-2A69-45D2-83BC-753010D28F4A}"
EndProject
Project("{9A19103F-16F7-4668-BE54-9A1E7A4F7556}") = "CodeCon.Demo", "CodeCon.Demo\CodeCon.Demo.csproj", "{B89EB4A2-1C33-493B-9567-7B92A3FCB29C}"
EndProject
Global
	GlobalSection(SolutionConfigurationPlatforms) = preSolution
		Debug|Any CPU = Debug|Any CPU
		Release|Any CPU = Release|Any CPU
	EndGlobalSection
	GlobalSection(ProjectConfigurationPlatforms) = postSolution
		{DC439AF0-2A69-45D2-83BC-753010D28F4A}.Debug|Any CPU.ActiveCfg = Debug|Any CPU
		{DC439AF0-2A69-45D2-83BC-753010D28F4A}.Debug|Any CPU.Build.0 = Debug|Any CPU
		{DC439AF0-2A69-45D2-83BC-753010D28F4A}.Release|Any CPU.ActiveCfg = Release|Any CPU
		{DC439AF0-2A69-45D2-83BC-753010D28F4A}.Release|Any CPU.Build.0 = Release|Any CPU
		{B89EB4A2-1C33-493B-9567-7B92A3FCB29C}.Debug|Any CPU.ActiveCfg = Debug|Any CPU
		{B89EB4A2-1C33-493B-9567-7B92A3FCB29C}.Debug|Any CPU.Build.0 = Debug|Any CPU
		{B89EB4A2-1C33-493B-9567-7B92A3FCB29C}.Release|Any CPU.ActiveCfg = Release|Any CPU
		{B89EB4A2-1C33-493B-9567-7B92A3FCB29C}.Release|Any CPU.Build.0 = Release|Any CPU
	EndGlobalSection
	GlobalSection(SolutionProperties) = preSolution
		HideSolutionNode = FALSE
	EndGlobalSection
	GlobalSection(ExtensibilityGlobals) = postSolution
		SolutionGuid = {26BAA570-50A9-4C92-A612-4EB71A81FBF5}
	EndGlobalSection
EndGlobal
